
Microsoft Visual Studio Solution File, Format Version 12.00
# Visual Studio Version 16
VisualStudioVersion = 16.0.30011.22
MinimumVisualStudioVersion = 10.0.40219.1
Project("{8BC9CEB8-8B4A-11D0-8D11-00A0C91BC942}") = "오픈소스개발프로젝트 4조", "오픈소스개발프로젝트 4조.vcxproj", "{480368E0-67F9-4BC8-812C-B34FA794EE20}"
EndProject
Global
	GlobalSection(SolutionConfigurationPlatforms) = preSolution
		Debug|x64 = Debug|x64
		Debug|x86 = Debug|x86
		Release|x64 = Release|x64
		Release|x86 = Release|x86
	EndGlobalSection
	GlobalSection(ProjectConfigurationPlatforms) = postSolution
		{480368E0-67F9-4BC8-812C-B34FA794EE20}.Debug|x64.ActiveCfg = Debug|x64
		{480368E0-67F9-4BC8-812C-B34FA794EE20}.Debug|x64.Build.0 = Debug|x64
		{480368E0-67F9-4BC8-812C-B34FA794EE20}.Debug|x86.ActiveCfg = Debug|Win32
		{480368E0-67F9-4BC8-812C-B34FA794EE20}.Debug|x86.Build.0 = Debug|Win32
		{480368E0-67F9-4BC8-812C-B34FA794EE20}.Release|x64.ActiveCfg = Release|x64
		{480368E0-67F9-4BC8-812C-B34FA794EE20}.Release|x64.Build.0 = Release|x64
		{480368E0-67F9-4BC8-812C-B34FA794EE20}.Release|x86.ActiveCfg = Release|Win32
		{480368E0-67F9-4BC8-812C-B34FA794EE20}.Release|x86.Build.0 = Release|Win32
	EndGlobalSection
	GlobalSection(SolutionProperties) = preSolution
		HideSolutionNode = FALSE
	EndGlobalSection
	GlobalSection(ExtensibilityGlobals) = postSolution
		SolutionGuid = {2240D91E-53C7-4107-A855-2709687840EA}
	EndGlobalSection
EndGlobal
